version = 1
requires-python = ">=3.13"

[[package]]
name = "eidolon"
version = "0.1.0"
source = { editable = "." }
dependencies = [
    { name = "psutil" },
    { name = "psycopg", extra = ["binary"] },
    { name = "psycopg-pool" },
]

[package.metadata]
requires-dist = [
    { name = "psutil", specifier = ">=6.0.0" },
    { name = "psycopg", extras = ["binary"], specifier = ">=3.2" },
    { name = "psycopg-pool", specifier = ">=3.2" },
]

[[package]]
name = "psutil"
version = "7.1.3"
source = { registry = "https://pypi.org/simple" }
sdist = { url = "https://files.pythonhosted.org/packages/e1/88/bdd0a41e5857d5d703287598cbf08dad90aed56774ea52ae071bae9071b6/psutil-7.1.3.tar.gz", hash = "sha256:6c86281738d77335af7aec228328e944b30930899ea760ecf33a4dba66be5e74", size = 489059 }
wheels = [
    { url = "https://files.pythonhosted.org/packages/bd/93/0c49e776b8734fef56ec9c5c57f923922f2cf0497d62e0f419465f28f3d0/psutil-7.1.3-cp313-cp313t-macosx_10_13_x86_64.whl", hash = "sha256:0005da714eee687b4b8decd3d6cc7c6db36215c9e74e5ad2264b90c3df7d92dc", size = 239751 },
    { url = "https://files.pythonhosted.org/packages/6f/8d/b31e39c769e70780f007969815195a55c81a63efebdd4dbe9e7a113adb2f/psutil-7.1.3-cp313-cp313t-macosx_11_0_arm64.whl", hash = "sha256:19644c85dcb987e35eeeaefdc3915d059dac7bd1167cdcdbf27e0ce2df0c08c0", size = 240368 },
    { url = "https://files.pythonhosted.org/packages/62/61/23fd4acc3c9eebbf6b6c78bcd89e5d020cfde4acf0a9233e9d4e3fa698b4/psutil-7.1.3-cp313-cp313t-manylinux2010_x86_64.manylinux_2_12_x86_64.manylinux_2_28_x86_64.whl", hash = "sha256:95ef04cf2e5ba0ab9eaafc4a11eaae91b44f4ef5541acd2ee91d9108d00d59a7", size = 287134 },
    { url = "https://files.pythonhosted.org/packages/30/1c/f921a009ea9ceb51aa355cb0cc118f68d354db36eae18174bab63affb3e6/psutil-7.1.3-cp313-cp313t-manylinux2014_aarch64.manylinux_2_17_aarch64.manylinux_2_28_aarch64.whl", hash = "sha256:1068c303be3a72f8e18e412c5b2a8f6d31750fb152f9cb106b54090296c9d251", size = 289904 },
    { url = "https://files.pythonhosted.org/packages/a6/82/62d68066e13e46a5116df187d319d1724b3f437ddd0f958756fc052677f4/psutil-7.1.3-cp313-cp313t-win_amd64.whl", hash = "sha256:18349c5c24b06ac5612c0428ec2a0331c26443d259e2a0144a9b24b4395b58fa", size = 249642 },
    { url = "https://files.pythonhosted.org/packages/df/ad/c1cd5fe965c14a0392112f68362cfceb5230819dbb5b1888950d18a11d9f/psutil-7.1.3-cp313-cp313t-win_arm64.whl", hash = "sha256:c525ffa774fe4496282fb0b1187725793de3e7c6b29e41562733cae9ada151ee", size = 245518 },
    { url = "https://files.pythonhosted.org/packages/2e/bb/6670bded3e3236eb4287c7bcdc167e9fae6e1e9286e437f7111caed2f909/psutil-7.1.3-cp314-cp314t-macosx_10_15_x86_64.whl", hash = "sha256:b403da1df4d6d43973dc004d19cee3b848e998ae3154cc8097d139b77156c353", size = 239843 },
    { url = "https://files.pythonhosted.org/packages/b8/66/853d50e75a38c9a7370ddbeefabdd3d3116b9c31ef94dc92c6729bc36bec/psutil-7.1.3-cp314-cp314t-macosx_11_0_arm64.whl", hash = "sha256:ad81425efc5e75da3f39b3e636293360ad8d0b49bed7df824c79764fb4ba9b8b", size = 240369 },
    { url = "https://files.pythonhosted.org/packages/41/bd/313aba97cb5bfb26916dc29cf0646cbe4dd6a89ca69e8c6edce654876d39/psutil-7.1.3-cp314-cp314t-manylinux2010_x86_64.manylinux_2_12_x86_64.manylinux_2_28_x86_64.whl", hash = "sha256:8f33a3702e167783a9213db10ad29650ebf383946e91bc77f28a5eb083496bc9", size = 288210 },
    { url = "https://files.pythonhosted.org/packages/c2/fa/76e3c06e760927a0cfb5705eb38164254de34e9bd86db656d4dbaa228b04/psutil-7.1.3-cp314-cp314t-manylinux2014_aarch64.manylinux_2_17_aarch64.manylinux_2_28_aarch64.whl", hash = "sha256:fac9cd332c67f4422504297889da5ab7e05fd11e3c4392140f7370f4208ded1f", size = 291182 },
    { url = "https://files.pythonhosted.org/packages/0f/1d/5774a91607035ee5078b8fd747686ebec28a962f178712de100d00b78a32/psutil-7.1.3-cp314-cp314t-win_amd64.whl", hash = "sha256:3792983e23b69843aea49c8f5b8f115572c5ab64c153bada5270086a2123c7e7", size = 250466 },
    { url = "https://files.pythonhosted.org/packages/00/ca/e426584bacb43a5cb1ac91fae1937f478cd8fbe5e4ff96574e698a2c77cd/psutil-7.1.3-cp314-cp314t-win_arm64.whl", hash = "sha256:31d77fcedb7529f27bb3a0472bea9334349f9a04160e8e6e5020f22c59893264", size = 245756 },
    { url = "https://files.pythonhosted.org/packages/ef/94/46b9154a800253e7ecff5aaacdf8ebf43db99de4a2dfa18575b02548654e/psutil-7.1.3-cp36-abi3-macosx_10_9_x86_64.whl", hash = "sha256:2bdbcd0e58ca14996a42adf3621a6244f1bb2e2e528886959c72cf1e326677ab", size = 238359 },
    { url = "https://files.pythonhosted.org/packages/68/3a/9f93cff5c025029a36d9a92fef47220ab4692ee7f2be0fba9f92813d0cb8/psutil-7.1.3-cp36-abi3-macosx_11_0_arm64.whl", hash = "sha256:bc31fa00f1fbc3c3802141eede66f3a2d51d89716a194bf2cd6fc68310a19880", size = 239171 },
    { url = "https://files.pythonhosted.org/packages/ce/b1/5f49af514f76431ba4eea935b8ad3725cdeb397e9245ab919dbc1d1dc20f/psutil-7.1.3-cp36-abi3-manylinux2010_x86_64.manylinux_2_12_x86_64.manylinux_2_28_x86_64.whl", hash = "sha256:3bb428f9f05c1225a558f53e30ccbad9930b11c3fc206836242de1091d3e7dd3", size = 263261 },
    { url = "https://files.pythonhosted.org/packages/e0/95/992c8816a74016eb095e73585d747e0a8ea21a061ed3689474fabb29a395/psutil-7.1.3-cp36-abi3-manylinux2014_aarch64.manylinux_2_17_aarch64.manylinux_2_28_aarch64.whl", hash = "sha256:56d974e02ca2c8eb4812c3f76c30e28836fffc311d55d979f1465c1feeb2b68b", size = 264635 },
    { url = "https://files.pythonhosted.org/packages/55/4c/c3ed1a622b6ae2fd3c945a366e64eb35247a31e4db16cf5095e269e8eb3c/psutil-7.1.3-cp37-abi3-win_amd64.whl", hash = "sha256:f39c2c19fe824b47484b96f9692932248a54c43799a84282cfe58d05a6449efd", size = 247633 },
    { url = "https://files.pythonhosted.org/packages/c9/ad/33b2ccec09bf96c2b2ef3f9a6f66baac8253d7565d8839e024a6b905d45d/psutil-7.1.3-cp37-abi3-win_arm64.whl", hash = "sha256:bd0d69cee829226a761e92f28140bec9a5ee9d5b4fb4b0cc589068dbfff559b1", size = 244608 },
]

[[package]]
name = "psycopg"
version = "3.2.12"
source = { registry = "https://pypi.org/simple" }
dependencies = [
    { name = "tzdata", marker = "sys_platform == 'win32'" },
]
sdist = { url = "https://files.pythonhosted.org/packages/a8/77/c72d10262b872617e509a0c60445afcc4ce2cd5cd6bc1c97700246d69c85/psycopg-3.2.12.tar.gz", hash = "sha256:85c08d6f6e2a897b16280e0ff6406bef29b1327c045db06d21f364d7cd5da90b", size = 160642 }
wheels = [
    { url = "https://files.pythonhosted.org/packages/c8/28/8c4f90e415411dc9c78d6ba10b549baa324659907c13f64bfe3779d4066c/psycopg-3.2.12-py3-none-any.whl", hash = "sha256:8a1611a2d4c16ae37eada46438be9029a35bb959bb50b3d0e1e93c0f3d54c9ee", size = 206765 },
]

[package.optional-dependencies]
binary = [
    { name = "psycopg-binary", marker = "implementation_name != 'pypy'" },
]

[[package]]
name = "psycopg-binary"
version = "3.2.12"
source = { registry = "https://pypi.org/simple" }
wheels = [
    { url = "https://files.pythonhosted.org/packages/b2/0b/9d480aba4a4864832c29e6fc94ddd34d9927c276448eb3b56ffe24ed064c/psycopg_binary-3.2.12-cp313-cp313-macosx_10_13_x86_64.whl", hash = "sha256:442f20153415f374ae5753ca618637611a41a3c58c56d16ce55f845d76a3cf7b", size = 4017829 },
    { url = "https://files.pythonhosted.org/packages/a4/f3/0d294b30349bde24a46741a1f27a10e8ab81e9f4118d27c2fe592acfb42a/psycopg_binary-3.2.12-cp313-cp313-macosx_11_0_arm64.whl", hash = "sha256:79de3cc5adbf51677009a8fda35ac9e9e3686d5595ab4b0c43ec7099ece6aeb5", size = 4089835 },
    { url = "https://files.pythonhosted.org/packages/82/d4/ff82e318e5a55d6951b278d3af7b4c7c1b19344e3a3722b6613f156a38ea/psycopg_binary-3.2.12-cp313-cp313-manylinux2014_aarch64.manylinux_2_17_aarch64.whl", hash = "sha256:095ccda59042a1239ac2fefe693a336cb5cecf8944a8d9e98b07f07e94e2b78d", size = 4625474 },
    { url = "https://files.pythonhosted.org/packages/b1/e8/2c9df6475a5ab6d614d516f4497c568d84f7d6c21d0e11444468c9786c9f/psycopg_binary-3.2.12-cp313-cp313-manylinux2014_ppc64le.manylinux_2_17_ppc64le.whl", hash = "sha256:efab679a2c7d1bf7d0ec0e1ecb47fe764945eff75bb4321f2e699b30a12db9b3", size = 4720350 },
    { url = "https://files.pythonhosted.org/packages/74/f5/7aec81b0c41985dc006e2d5822486ad4b7c2a1a97a5a05e37dc2adaf1512/psycopg_binary-3.2.12-cp313-cp313-manylinux2014_x86_64.manylinux_2_17_x86_64.whl", hash = "sha256:d369e79ad9647fc8217cbb51bbbf11f9a1ffca450be31d005340157ffe8e91b3", size = 4411621 },
    { url = "https://files.pythonhosted.org/packages/fc/15/d3cb41b8fa9d5f14320ab250545fbb66f9ddb481e448e618902672a806c0/psycopg_binary-3.2.12-cp313-cp313-musllinux_1_2_aarch64.whl", hash = "sha256:eedc410f82007038030650aa58f620f9fe0009b9d6b04c3dc71cbd3bae5b2675", size = 3863081 },
    { url = "https://files.pythonhosted.org/packages/69/8a/72837664e63e3cd3aa145cedcf29e5c21257579739aba78ab7eb668f7d9c/psycopg_binary-3.2.12-cp313-cp313-musllinux_1_2_ppc64le.whl", hash = "sha256:f3bae4be7f6781bf6c9576eedcd5e1bb74468126fa6de991e47cdb1a8ea3a42a", size = 3537428 },
    { url = "https://files.pythonhosted.org/packages/cc/7e/1b78ae38e7d69e6d7fb1e2dcce101493f5fa429480bac3a68b876c9b1635/psycopg_binary-3.2.12-cp313-cp313-musllinux_1_2_x86_64.whl", hash = "sha256:8ffe75fe6be902dadd439adf4228c98138a992088e073ede6dd34e7235f4e03e", size = 3585981 },
    { url = "https://files.pythonhosted.org/packages/a3/f8/245b4868b2dac46c3fb6383b425754ae55df1910c826d305ed414da03777/psycopg_binary-3.2.12-cp313-cp313-win_amd64.whl", hash = "sha256:2598d0e4f2f258da13df0560187b3f1dfc9b8688c46b9d90176360ae5212c3fc", size = 2912929 },
    { url = "https://files.pythonhosted.org/packages/5c/5b/76fbb40b981b73b285a00dccafc38cf67b7a9b3f7d4f2025dda7b896e7ef/psycopg_binary-3.2.12-cp314-cp314-macosx_10_13_x86_64.whl", hash = "sha256:dc68094e00a5a7e8c20de1d3a0d5e404a27f522e18f8eb62bbbc9f865c3c81ef", size = 4016868 },
    { url = "https://files.pythonhosted.org/packages/0e/08/8841ae3e2d1a3228e79eaaf5b7f991d15f0a231bb5031a114305b19724b1/psycopg_binary-3.2.12-cp314-cp314-macosx_11_0_arm64.whl", hash = "sha256:2d55009eeddbef54c711093c986daaf361d2c4210aaa1ee905075a3b97a62441", size = 4090508 },
    { url = "https://files.pythonhosted.org/packages/05/de/a41f62230cf4095ae4547eceada218cf28c17e7f94376913c1c8dde9546f/psycopg_binary-3.2.12-cp314-cp314-manylinux2014_aarch64.manylinux_2_17_aarch64.whl", hash = "sha256:66a031f22e4418016990446d3e38143826f03ad811b9f78f58e2afbc1d343f7a", size = 4629788 },
    { url = "https://files.pythonhosted.org/packages/45/19/529d92134eae44475f781a86d58cdf3edd0953e17c69762abf387a9f2636/psycopg_binary-3.2.12-cp314-cp314-manylinux2014_ppc64le.manylinux_2_17_ppc64le.whl", hash = "sha256:58ed30d33c25d7dc8d2f06285e88493147c2a660cc94713e4b563a99efb80a1f", size = 4724124 },
    { url = "https://files.pythonhosted.org/packages/5c/f5/97344e87065f7c9713ce213a2cff7732936ec3af6622e4b2a88715a953f2/psycopg_binary-3.2.12-cp314-cp314-manylinux2014_x86_64.manylinux_2_17_x86_64.whl", hash = "sha256:e0b5ccd03ca4749b8f66f38608ccbcb415cbd130d02de5eda80d042b83bee90e", size = 4411340 },
    { url = "https://files.pythonhosted.org/packages/b1/c2/34bce068f6bfb4c2e7bb1187bb64a3f3be254702b158c4ad05eacc0055cf/psycopg_binary-3.2.12-cp314-cp314-musllinux_1_2_aarch64.whl", hash = "sha256:909de94de7dd4d6086098a5755562207114c9638ec42c52d84c8a440c45fe084", size = 3867815 },
    { url = "https://files.pythonhosted.org/packages/d1/a1/c647e01ab162e6bfa52380e23e486215e9d28ffd31e9cf3cb1e9ca59008b/psycopg_binary-3.2.12-cp314-cp314-musllinux_1_2_ppc64le.whl", hash = "sha256:7130effd0517881f3a852eff98729d51034128f0737f64f0d1c7ea8343d77bd7", size = 3541756 },
    { url = "https://files.pythonhosted.org/packages/6b/d0/795bdaa8c946a7b7126bf7ca8d4371eaaa613093e3ec341a0e50f52cbee2/psycopg_binary-3.2.12-cp314-cp314-musllinux_1_2_x86_64.whl", hash = "sha256:89b3c5201ca616d69ca0c3c0003ca18f7170a679c445c7e386ebfb4f29aa738e", size = 3587950 },
    { url = "https://files.pythonhosted.org/packages/53/cf/10c3e95827a3ca8af332dfc471befec86e15a14dc83cee893c49a4910dad/psycopg_binary-3.2.12-cp314-cp314-win_amd64.whl", hash = "sha256:48a8e29f3e38fcf8d393b8fe460d83e39c107ad7e5e61cd3858a7569e0554a39", size = 3005787 },
]

[[package]]
name = "psycopg-pool"
version = "3.2.7"
source = { registry = "https://pypi.org/simple" }
dependencies = [
    { name = "typing-extensions" },
]
sdist = { url = "https://files.pythonhosted.org/packages/9d/8f/3ec52b17087c2ed5fa32b64fd4814dde964c9aa4bd49d0d30fc24725ca6d/psycopg_pool-3.2.7.tar.gz", hash = "sha256:a77d531bfca238e49e5fb5832d65b98e69f2c62bfda3d2d4d833696bdc9ca54b", size = 29765 }
wheels = [
    { url = "https://files.pythonhosted.org/packages/e7/59/74e752f605c6f0e351d4cf1c54fb9a1616dc800db4572b95bbfbb1a6225f/psycopg_pool-3.2.7-py3-none-any.whl", hash = "sha256:4b47bb59d887ef5da522eb63746b9f70e2faf967d34aac4f56ffc65e9606728f", size = 38232 },
]

[[package]]
name = "typing-extensions"
version = "4.15.0"
source = { registry = "https://pypi.org/simple" }
sdist = { url = "https://files.pythonhosted.org/packages/72/94/1a15dd82efb362ac84269196e94cf00f187f7ed21c242792a923cdb1c61f/typing_extensions-4.15.0.tar.gz", hash = "sha256:0cea48d173cc12fa28ecabc3b837ea3cf6f38c6d1136f85cbaaf598984861466", size = 109391 }
wheels = [
    { url = "https://files.pythonhosted.org/packages/18/67/36e9267722cc04a6b9f15c7f3441c2363321a3ea07da7ae0c0707beb2a9c/typing_extensions-4.15.0-py3-none-any.whl", hash = "sha256:f0fa19c6845758ab08074a0cfa8b7aecb71c999ca73d62883bc25cc018c4e548", size = 44614 },
]

[[package]]
name = "tzdata"
version = "2025.2"
source = { registry = "https://pypi.org/simple" }
sdist = { url = "https://files.pythonhosted.org/packages/95/32/1a225d6164441be760d75c2c42e2780dc0873fe382da3e98a2e1e48361e5/tzdata-2025.2.tar.gz", hash = "sha256:b60a638fcc0daffadf82fe0f57e53d06bdec2f36c4df66280ae79bce6bd6f2b9", size = 196380 }
wheels = [
    { url = "https://files.pythonhosted.org/packages/5c/23/c7abc0ca0a1526a0774eca151daeb8de62ec457e77262b66b359c3c7679e/tzdata-2025.2-py2.py3-none-any.whl", hash = "sha256:1a403fada01ff9221ca8044d701868fa132215d84beb92242d9acd2147f667a8", size = 347839 },
]
